
Microsoft Visual Studio Solution File, Format Version 12.00
# Visual Studio Version 17
VisualStudioVersion = 17.7.34202.233
MinimumVisualStudioVersion = 10.0.40219.1
Project("{8BC9CEB8-8B4A-11D0-8D11-00A0C91BC942}") = "2023_12_1", "2023_12_1\2023_12_1.vcxproj", "{991871C7-338B-4F99-A01F-948CA1A20ED3}"
EndProject
Global
	GlobalSection(SolutionConfigurationPlatforms) = preSolution
		Debug|x64 = Debug|x64
		Debug|x86 = Debug|x86
		Release|x64 = Release|x64
		Release|x86 = Release|x86
	EndGlobalSection
	GlobalSection(ProjectConfigurationPlatforms) = postSolution
		{991871C7-338B-4F99-A01F-948CA1A20ED3}.Debug|x64.ActiveCfg = Debug|x64
		{991871C7-338B-4F99-A01F-948CA1A20ED3}.Debug|x64.Build.0 = Debug|x64
		{991871C7-338B-4F99-A01F-948CA1A20ED3}.Debug|x86.ActiveCfg = Debug|Win32
		{991871C7-338B-4F99-A01F-948CA1A20ED3}.Debug|x86.Build.0 = Debug|Win32
		{991871C7-338B-4F99-A01F-948CA1A20ED3}.Release|x64.ActiveCfg = Release|x64
		{991871C7-338B-4F99-A01F-948CA1A20ED3}.Release|x64.Build.0 = Release|x64
		{991871C7-338B-4F99-A01F-948CA1A20ED3}.Release|x86.ActiveCfg = Release|Win32
		{991871C7-338B-4F99-A01F-948CA1A20ED3}.Release|x86.Build.0 = Release|Win32
	EndGlobalSection
	GlobalSection(SolutionProperties) = preSolution
		HideSolutionNode = FALSE
	EndGlobalSection
	GlobalSection(ExtensibilityGlobals) = postSolution
		SolutionGuid = {B6768BF6-BC39-4E98-92A8-23B1B39A0E70}
	EndGlobalSection
EndGlobal
