
Microsoft Visual Studio Solution File, Format Version 12.00
# Visual Studio Version 17
VisualStudioVersion = 17.7.34202.233
MinimumVisualStudioVersion = 10.0.40219.1
Project("{8BC9CEB8-8B4A-11D0-8D11-00A0C91BC942}") = "2023_12_24", "2023_12_24\2023_12_24.vcxproj", "{4D680B35-B66B-447D-8EA0-7A334381DFBC}"
EndProject
Global
	GlobalSection(SolutionConfigurationPlatforms) = preSolution
		Debug|x64 = Debug|x64
		Debug|x86 = Debug|x86
		Release|x64 = Release|x64
		Release|x86 = Release|x86
	EndGlobalSection
	GlobalSection(ProjectConfigurationPlatforms) = postSolution
		{4D680B35-B66B-447D-8EA0-7A334381DFBC}.Debug|x64.ActiveCfg = Debug|x64
		{4D680B35-B66B-447D-8EA0-7A334381DFBC}.Debug|x64.Build.0 = Debug|x64
		{4D680B35-B66B-447D-8EA0-7A334381DFBC}.Debug|x86.ActiveCfg = Debug|Win32
		{4D680B35-B66B-447D-8EA0-7A334381DFBC}.Debug|x86.Build.0 = Debug|Win32
		{4D680B35-B66B-447D-8EA0-7A334381DFBC}.Release|x64.ActiveCfg = Release|x64
		{4D680B35-B66B-447D-8EA0-7A334381DFBC}.Release|x64.Build.0 = Release|x64
		{4D680B35-B66B-447D-8EA0-7A334381DFBC}.Release|x86.ActiveCfg = Release|Win32
		{4D680B35-B66B-447D-8EA0-7A334381DFBC}.Release|x86.Build.0 = Release|Win32
	EndGlobalSection
	GlobalSection(SolutionProperties) = preSolution
		HideSolutionNode = FALSE
	EndGlobalSection
	GlobalSection(ExtensibilityGlobals) = postSolution
		SolutionGuid = {EFFE01E3-875C-43BB-A24E-6BD39975277B}
	EndGlobalSection
EndGlobal
